// !$*UTF8*$!
{
	archiveVersion = 1;
	classes = {
	};
	objectVersion = 50;
	objects = {

/* Begin PBXBuildFile section */
		887B499C24368F6800D96EF9 /* AppDelegate.swift in Sources */ = {isa = PBXBuildFile; fileRef = 887B499B24368F6800D96EF9 /* AppDelegate.swift */; };
		887B499E24368F6800D96EF9 /* SceneDelegate.swift in Sources */ = {isa = PBXBuildFile; fileRef = 887B499D24368F6800D96EF9 /* SceneDelegate.swift */; };
		887B49A124368F6800D96EF9 /* April_Counter.xcdatamodeld in Resources */ = {isa = PBXBuildFile; fileRef = 887B499F24368F6800D96EF9 /* April_Counter.xcdatamodeld */; };
		887B49A324368F6800D96EF9 /* ContentView.swift in Sources */ = {isa = PBXBuildFile; fileRef = 887B49A224368F6800D96EF9 /* ContentView.swift */; };
		887B49A524368F6A00D96EF9 /* Assets.xcassets in Resources */ = {isa = PBXBuildFile; fileRef = 887B49A424368F6A00D96EF9 /* Assets.xcassets */; };
		887B49A824368F6A00D96EF9 /* Preview Assets.xcassets in Resources */ = {isa = PBXBuildFile; fileRef = 887B49A724368F6A00D96EF9 /* Preview Assets.xcassets */; };
		887B49AB24368F6A00D96EF9 /* LaunchScreen.storyboard in Resources */ = {isa = PBXBuildFile; fileRef = 887B49A924368F6A00D96EF9 /* LaunchScreen.storyboard */; };
		887B49B42436917000D96EF9 /* Values+CoreDataClass.swift in Sources */ = {isa = PBXBuildFile; fileRef = 887B49B22436917000D96EF9 /* Values+CoreDataClass.swift */; };
		887B49B52436917000D96EF9 /* Values+CoreDataProperties.swift in Sources */ = {isa = PBXBuildFile; fileRef = 887B49B32436917000D96EF9 /* Values+CoreDataProperties.swift */; };
		887B49B72436956300D96EF9 /* ProgressRing.swift in Sources */ = {isa = PBXBuildFile; fileRef = 887B49B62436956300D96EF9 /* ProgressRing.swift */; };
/* End PBXBuildFile section */

/* Begin PBXFileReference section */
		887B499824368F6800D96EF9 /* April Counter.app */ = {isa = PBXFileReference; explicitFileType = wrapper.application; includeInIndex = 0; path = "April Counter.app"; sourceTree = BUILT_PRODUCTS_DIR; };
		887B499B24368F6800D96EF9 /* AppDelegate.swift */ = {isa = PBXFileReference; lastKnownFileType = sourcecode.swift; path = AppDelegate.swift; sourceTree = "<group>"; };
		887B499D24368F6800D96EF9 /* SceneDelegate.swift */ = {isa = PBXFileReference; lastKnownFileType = sourcecode.swift; path = SceneDelegate.swift; sourceTree = "<group>"; };
		887B49A024368F6800D96EF9 /* April_Counter.xcdatamodel */ = {isa = PBXFileReference; lastKnownFileType = wrapper.xcdatamodel; path = April_Counter.xcdatamodel; sourceTree = "<group>"; };
		887B49A224368F6800D96EF9 /* ContentView.swift */ = {isa = PBXFileReference; lastKnownFileType = sourcecode.swift; path = ContentView.swift; sourceTree = "<group>"; };
		887B49A424368F6A00D96EF9 /* Assets.xcassets */ = {isa = PBXFileReference; lastKnownFileType = folder.assetcatalog; path = Assets.xcassets; sourceTree = "<group>"; };
		887B49A724368F6A00D96EF9 /* Preview Assets.xcassets */ = {isa = PBXFileReference; lastKnownFileType = folder.assetcatalog; path = "Preview Assets.xcassets"; sourceTree = "<group>"; };
		887B49AA24368F6A00D96EF9 /* Base */ = {isa = PBXFileReference; lastKnownFileType = file.storyboard; name = Base; path = Base.lproj/LaunchScreen.storyboard; sourceTree = "<group>"; };
		887B49AC24368F6A00D96EF9 /* Info.plist */ = {isa = PBXFileReference; lastKnownFileType = text.plist.xml; path = Info.plist; sourceTree = "<group>"; };
		887B49B22436917000D96EF9 /* Values+CoreDataClass.swift */ = {isa = PBXFileReference; lastKnownFileType = sourcecode.swift; path = "Values+CoreDataClass.swift"; sourceTree = "<group>"; };
		887B49B32436917000D96EF9 /* Values+CoreDataProperties.swift */ = {isa = PBXFileReference; lastKnownFileType = sourcecode.swift; path = "Values+CoreDataProperties.swift"; sourceTree = "<group>"; };
		887B49B62436956300D96EF9 /* ProgressRing.swift */ = {isa = PBXFileReference; lastKnownFileType = sourcecode.swift; path = ProgressRing.swift; sourceTree = "<group>"; };
/* End PBXFileReference section */

/* Begin PBXFrameworksBuildPhase section */
		887B499524368F6800D96EF9 /* Frameworks */ = {
			isa = PBXFrameworksBuildPhase;
			buildActionMask = 2147483647;
			files = (
			);
			runOnlyForDeploymentPostprocessing = 0;
		};
/* End PBXFrameworksBuildPhase section */

/* Begin PBXGroup section */
		887B498F24368F6800D96EF9 = {
			isa = PBXGroup;
			children = (
				887B499A24368F6800D96EF9 /* April Counter */,
				887B499924368F6800D96EF9 /* Products */,
			);
			sourceTree = "<group>";
		};
		887B499924368F6800D96EF9 /* Products */ = {
			isa = PBXGroup;
			children = (
				887B499824368F6800D96EF9 /* April Counter.app */,
			);
			name = Products;
			sourceTree = "<group>";
		};
		887B499A24368F6800D96EF9 /* April Counter */ = {
			isa = PBXGroup;
			children = (
				887B49B22436917000D96EF9 /* Values+CoreDataClass.swift */,
				887B49B32436917000D96EF9 /* Values+CoreDataProperties.swift */,
				887B499B24368F6800D96EF9 /* AppDelegate.swift */,
				887B499D24368F6800D96EF9 /* SceneDelegate.swift */,
				887B49A224368F6800D96EF9 /* ContentView.swift */,
				887B49A424368F6A00D96EF9 /* Assets.xcassets */,
				887B49A924368F6A00D96EF9 /* LaunchScreen.storyboard */,
				887B49AC24368F6A00D96EF9 /* Info.plist */,
				887B499F24368F6800D96EF9 /* April_Counter.xcdatamodeld */,
				887B49A624368F6A00D96EF9 /* Preview Content */,
				887B49B62436956300D96EF9 /* ProgressRing.swift */,
			);
			path = "April Counter";
			sourceTree = "<group>";
		};
		887B49A624368F6A00D96EF9 /* Preview Content */ = {
			isa = PBXGroup;
			children = (
				887B49A724368F6A00D96EF9 /* Preview Assets.xcassets */,
			);
			path = "Preview Content";
			sourceTree = "<group>";
		};
/* End PBXGroup section */

/* Begin PBXNativeTarget section */
		887B499724368F6800D96EF9 /* April Counter */ = {
			isa = PBXNativeTarget;
			buildConfigurationList = 887B49AF24368F6A00D96EF9 /* Build configuration list for PBXNativeTarget "April Counter" */;
			buildPhases = (
				887B499424368F6800D96EF9 /* Sources */,
				887B499524368F6800D96EF9 /* Frameworks */,
				887B499624368F6800D96EF9 /* Resources */,
			);
			buildRules = (
			);
			dependencies = (
			);
			name = "April Counter";
			productName = "April Counter";
			productReference = 887B499824368F6800D96EF9 /* April Counter.app */;
			productType = "com.apple.product-type.application";
		};
/* End PBXNativeTarget section */

/* Begin PBXProject section */
		887B499024368F6800D96EF9 /* Project object */ = {
			isa = PBXProject;
			attributes = {
				LastSwiftUpdateCheck = 1130;
				LastUpgradeCheck = 1130;
				ORGANIZATIONNAME = "Chester de Wolfe";
				TargetAttributes = {
					887B499724368F6800D96EF9 = {
						CreatedOnToolsVersion = 11.3.1;
					};
				};
			};
			buildConfigurationList = 887B499324368F6800D96EF9 /* Build configuration list for PBXProject "April Counter" */;
			compatibilityVersion = "Xcode 9.3";
			developmentRegion = en;
			hasScannedForEncodings = 0;
			knownRegions = (
				en,
				Base,
			);
			mainGroup = 887B498F24368F6800D96EF9;
			productRefGroup = 887B499924368F6800D96EF9 /* Products */;
			projectDirPath = "";
			projectRoot = "";
			targets = (
				887B499724368F6800D96EF9 /* April Counter */,
			);
		};
/* End PBXProject section */

/* Begin PBXResourcesBuildPhase section */
		887B499624368F6800D96EF9 /* Resources */ = {
			isa = PBXResourcesBuildPhase;
			buildActionMask = 2147483647;
			files = (
				887B49AB24368F6A00D96EF9 /* LaunchScreen.storyboard in Resources */,
				887B49A124368F6800D96EF9 /* April_Counter.xcdatamodeld in Resources */,
				887B49A824368F6A00D96EF9 /* Preview Assets.xcassets in Resources */,
				887B49A524368F6A00D96EF9 /* Assets.xcassets in Resources */,
			);
			runOnlyForDeploymentPostprocessing = 0;
		};
/* End PBXResourcesBuildPhase section */

/* Begin PBXSourcesBuildPhase section */
		887B499424368F6800D96EF9 /* Sources */ = {
			isa = PBXSourcesBuildPhase;
			buildActionMask = 2147483647;
			files = (
				887B499C24368F6800D96EF9 /* AppDelegate.swift in Sources */,
				887B49B42436917000D96EF9 /* Values+CoreDataClass.swift in Sources */,
				887B49B72436956300D96EF9 /* ProgressRing.swift in Sources */,
				887B499E24368F6800D96EF9 /* SceneDelegate.swift in Sources */,
				887B49B52436917000D96EF9 /* Values+CoreDataProperties.swift in Sources */,
				887B49A324368F6800D96EF9 /* ContentView.swift in Sources */,
			);
			runOnlyForDeploymentPostprocessing = 0;
		};
/* End PBXSourcesBuildPhase section */

/* Begin PBXVariantGroup section */
		887B49A924368F6A00D96EF9 /* LaunchScreen.storyboard */ = {
			isa = PBXVariantGroup;
			children = (
				887B49AA24368F6A00D96EF9 /* Base */,
			);
			name = LaunchScreen.storyboard;
			sourceTree = "<group>";
		};
/* End PBXVariantGroup section */

/* Begin XCBuildConfiguration section */
		887B49AD24368F6A00D96EF9 /* Debug */ = {
			isa = XCBuildConfiguration;
			buildSettings = {
				ALWAYS_SEARCH_USER_PATHS = NO;
				CLANG_ANALYZER_NONNULL = YES;
				CLANG_ANALYZER_NUMBER_OBJECT_CONVERSION = YES_AGGRESSIVE;
				CLANG_CXX_LANGUAGE_STANDARD = "gnu++14";
				CLANG_CXX_LIBRARY = "libc++";
				CLANG_ENABLE_MODULES = YES;
				CLANG_ENABLE_OBJC_ARC = YES;
				CLANG_ENABLE_OBJC_WEAK = YES;
				CLANG_WARN_BLOCK_CAPTURE_AUTORELEASING = YES;
				CLANG_WARN_BOOL_CONVERSION = YES;
				CLANG_WARN_COMMA = YES;
				CLANG_WARN_CONSTANT_CONVERSION = YES;
				CLANG_WARN_DEPRECATED_OBJC_IMPLEMENTATIONS = YES;
				CLANG_WARN_DIRECT_OBJC_ISA_USAGE = YES_ERROR;
				CLANG_WARN_DOCUMENTATION_COMMENTS = YES;
				CLANG_WARN_EMPTY_BODY = YES;
				CLANG_WARN_ENUM_CONVERSION = YES;
				CLANG_WARN_INFINITE_RECURSION = YES;
				CLANG_WARN_INT_CONVERSION = YES;
				CLANG_WARN_NON_LITERAL_NULL_CONVERSION = YES;
				CLANG_WARN_OBJC_IMPLICIT_RETAIN_SELF = YES;
				CLANG_WARN_OBJC_LITERAL_CONVERSION = YES;
				CLANG_WARN_OBJC_ROOT_CLASS = YES_ERROR;
				CLANG_WARN_RANGE_LOOP_ANALYSIS = YES;
				CLANG_WARN_STRICT_PROTOTYPES = YES;
				CLANG_WARN_SUSPICIOUS_MOVE = YES;
				CLANG_WARN_UNGUARDED_AVAILABILITY = YES_AGGRESSIVE;
				CLANG_WARN_UNREACHABLE_CODE = YES;
				CLANG_WARN__DUPLICATE_METHOD_MATCH = YES;
				COPY_PHASE_STRIP = NO;
				DEBUG_INFORMATION_FORMAT = dwarf;
				ENABLE_STRICT_OBJC_MSGSEND = YES;
				ENABLE_TESTABILITY = YES;
				GCC_C_LANGUAGE_STANDARD = gnu11;
				GCC_DYNAMIC_NO_PIC = NO;
				GCC_NO_COMMON_BLOCKS = YES;
				GCC_OPTIMIZATION_LEVEL = 0;
				GCC_PREPROCESSOR_DEFINITIONS = (
					"DEBUG=1",
					"$(inherited)",
				);
				GCC_WARN_64_TO_32_BIT_CONVERSION = YES;
				GCC_WARN_ABOUT_RETURN_TYPE = YES_ERROR;
				GCC_WARN_UNDECLARED_SELECTOR = YES;
				GCC_WARN_UNINITIALIZED_AUTOS = YES_AGGRESSIVE;
				GCC_WARN_UNUSED_FUNCTION = YES;
				GCC_WARN_UNUSED_VARIABLE = YES;
				IPHONEOS_DEPLOYMENT_TARGET = 13.2;
				MTL_ENABLE_DEBUG_INFO = INCLUDE_SOURCE;
				MTL_FAST_MATH = YES;
				ONLY_ACTIVE_ARCH = YES;
				SDKROOT = iphoneos;
				SWIFT_ACTIVE_COMPILATION_CONDITIONS = DEBUG;
				SWIFT_OPTIMIZATION_LEVEL = "-Onone";
			};
			name = Debug;
		};
		887B49AE24368F6A00D96EF9 /* Release */ = {
			isa = XCBuildConfiguration;
			buildSettings = {
				ALWAYS_SEARCH_USER_PATHS = NO;
				CLANG_ANALYZER_NONNULL = YES;
				CLANG_ANALYZER_NUMBER_OBJECT_CONVERSION = YES_AGGRESSIVE;
				CLANG_CXX_LANGUAGE_STANDARD = "gnu++14";
				CLANG_CXX_LIBRARY = "libc++";
				CLANG_ENABLE_MODULES = YES;
				CLANG_ENABLE_OBJC_ARC = YES;
				CLANG_ENABLE_OBJC_WEAK = YES;
				CLANG_WARN_BLOCK_CAPTURE_AUTORELEASING = YES;
				CLANG_WARN_BOOL_CONVERSION = YES;
				CLANG_WARN_COMMA = YES;
				CLANG_WARN_CONSTANT_CONVERSION = YES;
				CLANG_WARN_DEPRECATED_OBJC_IMPLEMENTATIONS = YES;
				CLANG_WARN_DIRECT_OBJC_ISA_USAGE = YES_ERROR;
				CLANG_WARN_DOCUMENTATION_COMMENTS = YES;
				CLANG_WARN_EMPTY_BODY = YES;
				CLANG_WARN_ENUM_CONVERSION = YES;
				CLANG_WARN_INFINITE_RECURSION = YES;
				CLANG_WARN_INT_CONVERSION = YES;
				CLANG_WARN_NON_LITERAL_NULL_CONVERSION = YES;
				CLANG_WARN_OBJC_IMPLICIT_RETAIN_SELF = YES;
				CLANG_WARN_OBJC_LITERAL_CONVERSION = YES;
				CLANG_WARN_OBJC_ROOT_CLASS = YES_ERROR;
				CLANG_WARN_RANGE_LOOP_ANALYSIS = YES;
				CLANG_WARN_STRICT_PROTOTYPES = YES;
				CLANG_WARN_SUSPICIOUS_MOVE = YES;
				CLANG_WARN_UNGUARDED_AVAILABILITY = YES_AGGRESSIVE;
				CLANG_WARN_UNREACHABLE_CODE = YES;
				CLANG_WARN__DUPLICATE_METHOD_MATCH = YES;
				COPY_PHASE_STRIP = NO;
				DEBUG_INFORMATION_FORMAT = "dwarf-with-dsym";
				ENABLE_NS_ASSERTIONS = NO;
				ENABLE_STRICT_OBJC_MSGSEND = YES;
				GCC_C_LANGUAGE_STANDARD = gnu11;
				GCC_NO_COMMON_BLOCKS = YES;
				GCC_WARN_64_TO_32_BIT_CONVERSION = YES;
				GCC_WARN_ABOUT_RETURN_TYPE = YES_ERROR;
				GCC_WARN_UNDECLARED_SELECTOR = YES;
				GCC_WARN_UNINITIALIZED_AUTOS = YES_AGGRESSIVE;
				GCC_WARN_UNUSED_FUNCTION = YES;
				GCC_WARN_UNUSED_VARIABLE = YES;
				IPHONEOS_DEPLOYMENT_TARGET = 13.2;
				MTL_ENABLE_DEBUG_INFO = NO;
				MTL_FAST_MATH = YES;
				SDKROOT = iphoneos;
				SWIFT_COMPILATION_MODE = wholemodule;
				SWIFT_OPTIMIZATION_LEVEL = "-O";
				VALIDATE_PRODUCT = YES;
			};
			name = Release;
		};
		887B49B024368F6A00D96EF9 /* Debug */ = {
			isa = XCBuildConfiguration;
			buildSettings = {
				ASSETCATALOG_COMPILER_APPICON_NAME = AppIcon;
				CODE_SIGN_STYLE = Automatic;
				DEVELOPMENT_ASSET_PATHS = "\"April Counter/Preview Content\"";
				DEVELOPMENT_TEAM = LP6FJ9N4G9;
				ENABLE_PREVIEWS = YES;
				INFOPLIST_FILE = "April Counter/Info.plist";
				LD_RUNPATH_SEARCH_PATHS = (
					"$(inherited)",
					"@executable_path/Frameworks",
				);
				PRODUCT_BUNDLE_IDENTIFIER = "com.deWolfe.April-Counter";
				PRODUCT_NAME = "$(TARGET_NAME)";
				SWIFT_VERSION = 5.0;
				TARGETED_DEVICE_FAMILY = "1,2";
			};
			name = Debug;
		};
		887B49B124368F6A00D96EF9 /* Release */ = {
			isa = XCBuildConfiguration;
			buildSettings = {
				ASSETCATALOG_COMPILER_APPICON_NAME = AppIcon;
				CODE_SIGN_STYLE = Automatic;
				DEVELOPMENT_ASSET_PATHS = "\"April Counter/Preview Content\"";
				DEVELOPMENT_TEAM = LP6FJ9N4G9;
				ENABLE_PREVIEWS = YES;
				INFOPLIST_FILE = "April Counter/Info.plist";
				LD_RUNPATH_SEARCH_PATHS = (
					"$(inherited)",
					"@executable_path/Frameworks",
				);
				PRODUCT_BUNDLE_IDENTIFIER = "com.deWolfe.April-Counter";
				PRODUCT_NAME = "$(TARGET_NAME)";
				SWIFT_VERSION = 5.0;
				TARGETED_DEVICE_FAMILY = "1,2";
			};
			name = Release;
		};
/* End XCBuildConfiguration section */

/* Begin XCConfigurationList section */
		887B499324368F6800D96EF9 /* Build configuration list for PBXProject "April Counter" */ = {
			isa = XCConfigurationList;
			buildConfigurations = (
				887B49AD24368F6A00D96EF9 /* Debug */,
				887B49AE24368F6A00D96EF9 /* Release */,
			);
			defaultConfigurationIsVisible = 0;
			defaultConfigurationName = Release;
		};
		887B49AF24368F6A00D96EF9 /* Build configuration list for PBXNativeTarget "April Counter" */ = {
			isa = XCConfigurationList;
			buildConfigurations = (
				887B49B024368F6A00D96EF9 /* Debug */,
				887B49B124368F6A00D96EF9 /* Release */,
			);
			defaultConfigurationIsVisible = 0;
			defaultConfigurationName = Release;
		};
/* End XCConfigurationList section */

/* Begin XCVersionGroup section */
		887B499F24368F6800D96EF9 /* April_Counter.xcdatamodeld */ = {
			isa = XCVersionGroup;
			children = (
				887B49A024368F6800D96EF9 /* April_Counter.xcdatamodel */,
			);
			currentVersion = 887B49A024368F6800D96EF9 /* April_Counter.xcdatamodel */;
			path = April_Counter.xcdatamodeld;
			sourceTree = "<group>";
			versionGroupType = wrapper.xcdatamodel;
		};
/* End XCVersionGroup section */
	};
	rootObject = 887B499024368F6800D96EF9 /* Project object */;
}
